// !$*UTF8*$!
{
	archiveVersion = 1;
	classes = {
	};
	objectVersion = 56;
	objects = {

/* Begin PBXBuildFile section */
		522FD6772B878AB600E6B2CE /* Coordinator.swift in Sources */ = {isa = PBXBuildFile; fileRef = 522FD6762B878AB600E6B2CE /* Coordinator.swift */; };
		522FD6792B878B8800E6B2CE /* ContentView.swift in Sources */ = {isa = PBXBuildFile; fileRef = 522FD6782B878B8800E6B2CE /* ContentView.swift */; };
		522FD67B2B878E2500E6B2CE /* UIColor.swift in Sources */ = {isa = PBXBuildFile; fileRef = 522FD67A2B878E2500E6B2CE /* UIColor.swift */; };
		528392352B86D7DE0008FE64 /* plantdocApp.swift in Sources */ = {isa = PBXBuildFile; fileRef = 528392342B86D7DE0008FE64 /* plantdocApp.swift */; };
		528392392B86D7E10008FE64 /* Assets.xcassets in Resources */ = {isa = PBXBuildFile; fileRef = 528392382B86D7E10008FE64 /* Assets.xcassets */; };
		5283923D2B86D7E10008FE64 /* Preview Assets.xcassets in Resources */ = {isa = PBXBuildFile; fileRef = 5283923C2B86D7E10008FE64 /* Preview Assets.xcassets */; };
		528392472B86D7E10008FE64 /* plantdocTests.swift in Sources */ = {isa = PBXBuildFile; fileRef = 528392462B86D7E10008FE64 /* plantdocTests.swift */; };
		528392512B86D7E10008FE64 /* plantdocUITests.swift in Sources */ = {isa = PBXBuildFile; fileRef = 528392502B86D7E10008FE64 /* plantdocUITests.swift */; };
		528392532B86D7E10008FE64 /* plantdocUITestsLaunchTests.swift in Sources */ = {isa = PBXBuildFile; fileRef = 528392522B86D7E10008FE64 /* plantdocUITestsLaunchTests.swift */; };
		528392602B86E0A90008FE64 /* LoginView.swift in Sources */ = {isa = PBXBuildFile; fileRef = 5283925F2B86E0A90008FE64 /* LoginView.swift */; };
/* End PBXBuildFile section */

/* Begin PBXContainerItemProxy section */
		528392432B86D7E10008FE64 /* PBXContainerItemProxy */ = {
			isa = PBXContainerItemProxy;
			containerPortal = 528392292B86D7DE0008FE64 /* Project object */;
			proxyType = 1;
			remoteGlobalIDString = 528392302B86D7DE0008FE64;
			remoteInfo = plantdoc;
		};
		5283924D2B86D7E10008FE64 /* PBXContainerItemProxy */ = {
			isa = PBXContainerItemProxy;
			containerPortal = 528392292B86D7DE0008FE64 /* Project object */;
			proxyType = 1;
			remoteGlobalIDString = 528392302B86D7DE0008FE64;
			remoteInfo = plantdoc;
		};
/* End PBXContainerItemProxy section */

/* Begin PBXFileReference section */
		522FD6762B878AB600E6B2CE /* Coordinator.swift */ = {isa = PBXFileReference; lastKnownFileType = sourcecode.swift; path = Coordinator.swift; sourceTree = "<group>"; };
		522FD6782B878B8800E6B2CE /* ContentView.swift */ = {isa = PBXFileReference; lastKnownFileType = sourcecode.swift; path = ContentView.swift; sourceTree = "<group>"; };
		522FD67A2B878E2500E6B2CE /* UIColor.swift */ = {isa = PBXFileReference; lastKnownFileType = sourcecode.swift; path = UIColor.swift; sourceTree = "<group>"; };
		528392312B86D7DE0008FE64 /* plantdoc.app */ = {isa = PBXFileReference; explicitFileType = wrapper.application; includeInIndex = 0; path = plantdoc.app; sourceTree = BUILT_PRODUCTS_DIR; };
		528392342B86D7DE0008FE64 /* plantdocApp.swift */ = {isa = PBXFileReference; lastKnownFileType = sourcecode.swift; path = plantdocApp.swift; sourceTree = "<group>"; };
		528392382B86D7E10008FE64 /* Assets.xcassets */ = {isa = PBXFileReference; lastKnownFileType = folder.assetcatalog; path = Assets.xcassets; sourceTree = "<group>"; };
		5283923A2B86D7E10008FE64 /* plantdoc.entitlements */ = {isa = PBXFileReference; lastKnownFileType = text.plist.entitlements; path = plantdoc.entitlements; sourceTree = "<group>"; };
		5283923C2B86D7E10008FE64 /* Preview Assets.xcassets */ = {isa = PBXFileReference; lastKnownFileType = folder.assetcatalog; path = "Preview Assets.xcassets"; sourceTree = "<group>"; };
		528392422B86D7E10008FE64 /* plantdocTests.xctest */ = {isa = PBXFileReference; explicitFileType = wrapper.cfbundle; includeInIndex = 0; path = plantdocTests.xctest; sourceTree = BUILT_PRODUCTS_DIR; };
		528392462B86D7E10008FE64 /* plantdocTests.swift */ = {isa = PBXFileReference; lastKnownFileType = sourcecode.swift; path = plantdocTests.swift; sourceTree = "<group>"; };
		5283924C2B86D7E10008FE64 /* plantdocUITests.xctest */ = {isa = PBXFileReference; explicitFileType = wrapper.cfbundle; includeInIndex = 0; path = plantdocUITests.xctest; sourceTree = BUILT_PRODUCTS_DIR; };
		528392502B86D7E10008FE64 /* plantdocUITests.swift */ = {isa = PBXFileReference; lastKnownFileType = sourcecode.swift; path = plantdocUITests.swift; sourceTree = "<group>"; };
		528392522B86D7E10008FE64 /* plantdocUITestsLaunchTests.swift */ = {isa = PBXFileReference; lastKnownFileType = sourcecode.swift; path = plantdocUITestsLaunchTests.swift; sourceTree = "<group>"; };
		5283925F2B86E0A90008FE64 /* LoginView.swift */ = {isa = PBXFileReference; lastKnownFileType = sourcecode.swift; path = LoginView.swift; sourceTree = "<group>"; };
/* End PBXFileReference section */

/* Begin PBXFrameworksBuildPhase section */
		5283922E2B86D7DE0008FE64 /* Frameworks */ = {
			isa = PBXFrameworksBuildPhase;
			buildActionMask = 2147483647;
			files = (
			);
			runOnlyForDeploymentPostprocessing = 0;
		};
		5283923F2B86D7E10008FE64 /* Frameworks */ = {
			isa = PBXFrameworksBuildPhase;
			buildActionMask = 2147483647;
			files = (
			);
			runOnlyForDeploymentPostprocessing = 0;
		};
		528392492B86D7E10008FE64 /* Frameworks */ = {
			isa = PBXFrameworksBuildPhase;
			buildActionMask = 2147483647;
			files = (
			);
			runOnlyForDeploymentPostprocessing = 0;
		};
/* End PBXFrameworksBuildPhase section */

/* Begin PBXGroup section */
		528392282B86D7DE0008FE64 = {
			isa = PBXGroup;
			children = (
				528392332B86D7DE0008FE64 /* plantdoc */,
				528392452B86D7E10008FE64 /* plantdocTests */,
				5283924F2B86D7E10008FE64 /* plantdocUITests */,
				528392322B86D7DE0008FE64 /* Products */,
			);
			sourceTree = "<group>";
		};
		528392322B86D7DE0008FE64 /* Products */ = {
			isa = PBXGroup;
			children = (
				528392312B86D7DE0008FE64 /* plantdoc.app */,
				528392422B86D7E10008FE64 /* plantdocTests.xctest */,
				5283924C2B86D7E10008FE64 /* plantdocUITests.xctest */,
			);
			name = Products;
			sourceTree = "<group>";
		};
		528392332B86D7DE0008FE64 /* plantdoc */ = {
			isa = PBXGroup;
			children = (
				528392342B86D7DE0008FE64 /* plantdocApp.swift */,
				528392382B86D7E10008FE64 /* Assets.xcassets */,
				5283923A2B86D7E10008FE64 /* plantdoc.entitlements */,
				5283923B2B86D7E10008FE64 /* Preview Content */,
				5283925F2B86E0A90008FE64 /* LoginView.swift */,
				522FD6762B878AB600E6B2CE /* Coordinator.swift */,
				522FD6782B878B8800E6B2CE /* ContentView.swift */,
				522FD67A2B878E2500E6B2CE /* UIColor.swift */,
			);
			path = plantdoc;
			sourceTree = "<group>";
		};
		5283923B2B86D7E10008FE64 /* Preview Content */ = {
			isa = PBXGroup;
			children = (
				5283923C2B86D7E10008FE64 /* Preview Assets.xcassets */,
			);
			path = "Preview Content";
			sourceTree = "<group>";
		};
		528392452B86D7E10008FE64 /* plantdocTests */ = {
			isa = PBXGroup;
			children = (
				528392462B86D7E10008FE64 /* plantdocTests.swift */,
			);
			path = plantdocTests;
			sourceTree = "<group>";
		};
		5283924F2B86D7E10008FE64 /* plantdocUITests */ = {
			isa = PBXGroup;
			children = (
				528392502B86D7E10008FE64 /* plantdocUITests.swift */,
				528392522B86D7E10008FE64 /* plantdocUITestsLaunchTests.swift */,
			);
			path = plantdocUITests;
			sourceTree = "<group>";
		};
/* End PBXGroup section */

/* Begin PBXNativeTarget section */
		528392302B86D7DE0008FE64 /* plantdoc */ = {
			isa = PBXNativeTarget;
			buildConfigurationList = 528392562B86D7E10008FE64 /* Build configuration list for PBXNativeTarget "plantdoc" */;
			buildPhases = (
				5283922D2B86D7DE0008FE64 /* Sources */,
				5283922E2B86D7DE0008FE64 /* Frameworks */,
				5283922F2B86D7DE0008FE64 /* Resources */,
			);
			buildRules = (
			);
			dependencies = (
			);
			name = plantdoc;
			productName = plantdoc;
			productReference = 528392312B86D7DE0008FE64 /* plantdoc.app */;
			productType = "com.apple.product-type.application";
		};
		528392412B86D7E10008FE64 /* plantdocTests */ = {
			isa = PBXNativeTarget;
			buildConfigurationList = 528392592B86D7E10008FE64 /* Build configuration list for PBXNativeTarget "plantdocTests" */;
			buildPhases = (
				5283923E2B86D7E10008FE64 /* Sources */,
				5283923F2B86D7E10008FE64 /* Frameworks */,
				528392402B86D7E10008FE64 /* Resources */,
			);
			buildRules = (
			);
			dependencies = (
				528392442B86D7E10008FE64 /* PBXTargetDependency */,
			);
			name = plantdocTests;
			productName = plantdocTests;
			productReference = 528392422B86D7E10008FE64 /* plantdocTests.xctest */;
			productType = "com.apple.product-type.bundle.unit-test";
		};
		5283924B2B86D7E10008FE64 /* plantdocUITests */ = {
			isa = PBXNativeTarget;
			buildConfigurationList = 5283925C2B86D7E10008FE64 /* Build configuration list for PBXNativeTarget "plantdocUITests" */;
			buildPhases = (
				528392482B86D7E10008FE64 /* Sources */,
				528392492B86D7E10008FE64 /* Frameworks */,
				5283924A2B86D7E10008FE64 /* Resources */,
			);
			buildRules = (
			);
			dependencies = (
				5283924E2B86D7E10008FE64 /* PBXTargetDependency */,
			);
			name = plantdocUITests;
			productName = plantdocUITests;
			productReference = 5283924C2B86D7E10008FE64 /* plantdocUITests.xctest */;
			productType = "com.apple.product-type.bundle.ui-testing";
		};
/* End PBXNativeTarget section */

/* Begin PBXProject section */
		528392292B86D7DE0008FE64 /* Project object */ = {
			isa = PBXProject;
			attributes = {
				BuildIndependentTargetsInParallel = 1;
				LastSwiftUpdateCheck = 1420;
				LastUpgradeCheck = 1420;
				TargetAttributes = {
					528392302B86D7DE0008FE64 = {
						CreatedOnToolsVersion = 14.2;
					};
					528392412B86D7E10008FE64 = {
						CreatedOnToolsVersion = 14.2;
						TestTargetID = 528392302B86D7DE0008FE64;
					};
					5283924B2B86D7E10008FE64 = {
						CreatedOnToolsVersion = 14.2;
						TestTargetID = 528392302B86D7DE0008FE64;
					};
				};
			};
			buildConfigurationList = 5283922C2B86D7DE0008FE64 /* Build configuration list for PBXProject "plantdoc" */;
			compatibilityVersion = "Xcode 14.0";
			developmentRegion = en;
			hasScannedForEncodings = 0;
			knownRegions = (
				en,
				Base,
			);
			mainGroup = 528392282B86D7DE0008FE64;
			productRefGroup = 528392322B86D7DE0008FE64 /* Products */;
			projectDirPath = "";
			projectRoot = "";
			targets = (
				528392302B86D7DE0008FE64 /* plantdoc */,
				528392412B86D7E10008FE64 /* plantdocTests */,
				5283924B2B86D7E10008FE64 /* plantdocUITests */,
			);
		};
/* End PBXProject section */

/* Begin PBXResourcesBuildPhase section */
		5283922F2B86D7DE0008FE64 /* Resources */ = {
			isa = PBXResourcesBuildPhase;
			buildActionMask = 2147483647;
			files = (
				5283923D2B86D7E10008FE64 /* Preview Assets.xcassets in Resources */,
				528392392B86D7E10008FE64 /* Assets.xcassets in Resources */,
			);
			runOnlyForDeploymentPostprocessing = 0;
		};
		528392402B86D7E10008FE64 /* Resources */ = {
			isa = PBXResourcesBuildPhase;
			buildActionMask = 2147483647;
			files = (
			);
			runOnlyForDeploymentPostprocessing = 0;
		};
		5283924A2B86D7E10008FE64 /* Resources */ = {
			isa = PBXResourcesBuildPhase;
			buildActionMask = 2147483647;
			files = (
			);
			runOnlyForDeploymentPostprocessing = 0;
		};
/* End PBXResourcesBuildPhase section */

/* Begin PBXSourcesBuildPhase section */
		5283922D2B86D7DE0008FE64 /* Sources */ = {
			isa = PBXSourcesBuildPhase;
			buildActionMask = 2147483647;
			files = (
				522FD6772B878AB600E6B2CE /* Coordinator.swift in Sources */,
				522FD67B2B878E2500E6B2CE /* UIColor.swift in Sources */,
				522FD6792B878B8800E6B2CE /* ContentView.swift in Sources */,
				528392602B86E0A90008FE64 /* LoginView.swift in Sources */,
				528392352B86D7DE0008FE64 /* plantdocApp.swift in Sources */,
			);
			runOnlyForDeploymentPostprocessing = 0;
		};
		5283923E2B86D7E10008FE64 /* Sources */ = {
			isa = PBXSourcesBuildPhase;
			buildActionMask = 2147483647;
			files = (
				528392472B86D7E10008FE64 /* plantdocTests.swift in Sources */,
			);
			runOnlyForDeploymentPostprocessing = 0;
		};
		528392482B86D7E10008FE64 /* Sources */ = {
			isa = PBXSourcesBuildPhase;
			buildActionMask = 2147483647;
			files = (
				528392532B86D7E10008FE64 /* plantdocUITestsLaunchTests.swift in Sources */,
				528392512B86D7E10008FE64 /* plantdocUITests.swift in Sources */,
			);
			runOnlyForDeploymentPostprocessing = 0;
		};
/* End PBXSourcesBuildPhase section */

/* Begin PBXTargetDependency section */
		528392442B86D7E10008FE64 /* PBXTargetDependency */ = {
			isa = PBXTargetDependency;
			target = 528392302B86D7DE0008FE64 /* plantdoc */;
			targetProxy = 528392432B86D7E10008FE64 /* PBXContainerItemProxy */;
		};
		5283924E2B86D7E10008FE64 /* PBXTargetDependency */ = {
			isa = PBXTargetDependency;
			target = 528392302B86D7DE0008FE64 /* plantdoc */;
			targetProxy = 5283924D2B86D7E10008FE64 /* PBXContainerItemProxy */;
		};
/* End PBXTargetDependency section */

/* Begin XCBuildConfiguration section */
		528392542B86D7E10008FE64 /* Debug */ = {
			isa = XCBuildConfiguration;
			buildSettings = {
				ALWAYS_SEARCH_USER_PATHS = NO;
				CLANG_ANALYZER_NONNULL = YES;
				CLANG_ANALYZER_NUMBER_OBJECT_CONVERSION = YES_AGGRESSIVE;
				CLANG_CXX_LANGUAGE_STANDARD = "gnu++20";
				CLANG_ENABLE_MODULES = YES;
				CLANG_ENABLE_OBJC_ARC = YES;
				CLANG_ENABLE_OBJC_WEAK = YES;
				CLANG_WARN_BLOCK_CAPTURE_AUTORELEASING = YES;
				CLANG_WARN_BOOL_CONVERSION = YES;
				CLANG_WARN_COMMA = YES;
				CLANG_WARN_CONSTANT_CONVERSION = YES;
				CLANG_WARN_DEPRECATED_OBJC_IMPLEMENTATIONS = YES;
				CLANG_WARN_DIRECT_OBJC_ISA_USAGE = YES_ERROR;
				CLANG_WARN_DOCUMENTATION_COMMENTS = YES;
				CLANG_WARN_EMPTY_BODY = YES;
				CLANG_WARN_ENUM_CONVERSION = YES;
				CLANG_WARN_INFINITE_RECURSION = YES;
				CLANG_WARN_INT_CONVERSION = YES;
				CLANG_WARN_NON_LITERAL_NULL_CONVERSION = YES;
				CLANG_WARN_OBJC_IMPLICIT_RETAIN_SELF = YES;
				CLANG_WARN_OBJC_LITERAL_CONVERSION = YES;
				CLANG_WARN_OBJC_ROOT_CLASS = YES_ERROR;
				CLANG_WARN_QUOTED_INCLUDE_IN_FRAMEWORK_HEADER = YES;
				CLANG_WARN_RANGE_LOOP_ANALYSIS = YES;
				CLANG_WARN_STRICT_PROTOTYPES = YES;
				CLANG_WARN_SUSPICIOUS_MOVE = YES;
				CLANG_WARN_UNGUARDED_AVAILABILITY = YES_AGGRESSIVE;
				CLANG_WARN_UNREACHABLE_CODE = YES;
				CLANG_WARN__DUPLICATE_METHOD_MATCH = YES;
				COPY_PHASE_STRIP = NO;
				DEBUG_INFORMATION_FORMAT = dwarf;
				ENABLE_STRICT_OBJC_MSGSEND = YES;
				ENABLE_TESTABILITY = YES;
				GCC_C_LANGUAGE_STANDARD = gnu11;
				GCC_DYNAMIC_NO_PIC = NO;
				GCC_NO_COMMON_BLOCKS = YES;
				GCC_OPTIMIZATION_LEVEL = 0;
				GCC_PREPROCESSOR_DEFINITIONS = (
					"DEBUG=1",
					"$(inherited)",
				);
				GCC_WARN_64_TO_32_BIT_CONVERSION = YES;
				GCC_WARN_ABOUT_RETURN_TYPE = YES_ERROR;
				GCC_WARN_UNDECLARED_SELECTOR = YES;
				GCC_WARN_UNINITIALIZED_AUTOS = YES_AGGRESSIVE;
				GCC_WARN_UNUSED_FUNCTION = YES;
				GCC_WARN_UNUSED_VARIABLE = YES;
				MTL_ENABLE_DEBUG_INFO = INCLUDE_SOURCE;
				MTL_FAST_MATH = YES;
				ONLY_ACTIVE_ARCH = YES;
				SWIFT_ACTIVE_COMPILATION_CONDITIONS = DEBUG;
				SWIFT_OPTIMIZATION_LEVEL = "-Onone";
			};
			name = Debug;
		};
		528392552B86D7E10008FE64 /* Release */ = {
			isa = XCBuildConfiguration;
			buildSettings = {
				ALWAYS_SEARCH_USER_PATHS = NO;
				CLANG_ANALYZER_NONNULL = YES;
				CLANG_ANALYZER_NUMBER_OBJECT_CONVERSION = YES_AGGRESSIVE;
				CLANG_CXX_LANGUAGE_STANDARD = "gnu++20";
				CLANG_ENABLE_MODULES = YES;
				CLANG_ENABLE_OBJC_ARC = YES;
				CLANG_ENABLE_OBJC_WEAK = YES;
				CLANG_WARN_BLOCK_CAPTURE_AUTORELEASING = YES;
				CLANG_WARN_BOOL_CONVERSION = YES;
				CLANG_WARN_COMMA = YES;
				CLANG_WARN_CONSTANT_CONVERSION = YES;
				CLANG_WARN_DEPRECATED_OBJC_IMPLEMENTATIONS = YES;
				CLANG_WARN_DIRECT_OBJC_ISA_USAGE = YES_ERROR;
				CLANG_WARN_DOCUMENTATION_COMMENTS = YES;
				CLANG_WARN_EMPTY_BODY = YES;
				CLANG_WARN_ENUM_CONVERSION = YES;
				CLANG_WARN_INFINITE_RECURSION = YES;
				CLANG_WARN_INT_CONVERSION = YES;
				CLANG_WARN_NON_LITERAL_NULL_CONVERSION = YES;
				CLANG_WARN_OBJC_IMPLICIT_RETAIN_SELF = YES;
				CLANG_WARN_OBJC_LITERAL_CONVERSION = YES;
				CLANG_WARN_OBJC_ROOT_CLASS = YES_ERROR;
				CLANG_WARN_QUOTED_INCLUDE_IN_FRAMEWORK_HEADER = YES;
				CLANG_WARN_RANGE_LOOP_ANALYSIS = YES;
				CLANG_WARN_STRICT_PROTOTYPES = YES;
				CLANG_WARN_SUSPICIOUS_MOVE = YES;
				CLANG_WARN_UNGUARDED_AVAILABILITY = YES_AGGRESSIVE;
				CLANG_WARN_UNREACHABLE_CODE = YES;
				CLANG_WARN__DUPLICATE_METHOD_MATCH = YES;
				COPY_PHASE_STRIP = NO;
				DEBUG_INFORMATION_FORMAT = "dwarf-with-dsym";
				ENABLE_NS_ASSERTIONS = NO;
				ENABLE_STRICT_OBJC_MSGSEND = YES;
				GCC_C_LANGUAGE_STANDARD = gnu11;
				GCC_NO_COMMON_BLOCKS = YES;
				GCC_WARN_64_TO_32_BIT_CONVERSION = YES;
				GCC_WARN_ABOUT_RETURN_TYPE = YES_ERROR;
				GCC_WARN_UNDECLARED_SELECTOR = YES;
				GCC_WARN_UNINITIALIZED_AUTOS = YES_AGGRESSIVE;
				GCC_WARN_UNUSED_FUNCTION = YES;
				GCC_WARN_UNUSED_VARIABLE = YES;
				MTL_ENABLE_DEBUG_INFO = NO;
				MTL_FAST_MATH = YES;
				SWIFT_COMPILATION_MODE = wholemodule;
				SWIFT_OPTIMIZATION_LEVEL = "-O";
			};
			name = Release;
		};
		528392572B86D7E10008FE64 /* Debug */ = {
			isa = XCBuildConfiguration;
			buildSettings = {
				ASSETCATALOG_COMPILER_APPICON_NAME = AppIcon;
				ASSETCATALOG_COMPILER_GLOBAL_ACCENT_COLOR_NAME = AccentColor;
				CODE_SIGN_ENTITLEMENTS = plantdoc/plantdoc.entitlements;
				CODE_SIGN_STYLE = Automatic;
				CURRENT_PROJECT_VERSION = 1;
				DEVELOPMENT_ASSET_PATHS = "\"plantdoc/Preview Content\"";
				DEVELOPMENT_TEAM = 9Q839936SM;
				ENABLE_HARDENED_RUNTIME = YES;
				ENABLE_PREVIEWS = YES;
				GENERATE_INFOPLIST_FILE = YES;
				"INFOPLIST_KEY_UIApplicationSceneManifest_Generation[sdk=iphoneos*]" = YES;
				"INFOPLIST_KEY_UIApplicationSceneManifest_Generation[sdk=iphonesimulator*]" = YES;
				"INFOPLIST_KEY_UIApplicationSupportsIndirectInputEvents[sdk=iphoneos*]" = YES;
				"INFOPLIST_KEY_UIApplicationSupportsIndirectInputEvents[sdk=iphonesimulator*]" = YES;
				"INFOPLIST_KEY_UILaunchScreen_Generation[sdk=iphoneos*]" = YES;
				"INFOPLIST_KEY_UILaunchScreen_Generation[sdk=iphonesimulator*]" = YES;
				"INFOPLIST_KEY_UIStatusBarStyle[sdk=iphoneos*]" = UIStatusBarStyleDefault;
				"INFOPLIST_KEY_UIStatusBarStyle[sdk=iphonesimulator*]" = UIStatusBarStyleDefault;
				INFOPLIST_KEY_UISupportedInterfaceOrientations_iPad = "UIInterfaceOrientationPortrait UIInterfaceOrientationPortraitUpsideDown UIInterfaceOrientationLandscapeLeft UIInterfaceOrientationLandscapeRight";
				INFOPLIST_KEY_UISupportedInterfaceOrientations_iPhone = "UIInterfaceOrientationPortrait UIInterfaceOrientationLandscapeLeft UIInterfaceOrientationLandscapeRight";
				IPHONEOS_DEPLOYMENT_TARGET = 16.2;
				LD_RUNPATH_SEARCH_PATHS = "@executable_path/Frameworks";
				"LD_RUNPATH_SEARCH_PATHS[sdk=macosx*]" = "@executable_path/../Frameworks";
				MACOSX_DEPLOYMENT_TARGET = 12.7;
				MARKETING_VERSION = 1.0;
				PRODUCT_BUNDLE_IDENTIFIER = bangkit.plantdoc;
				PRODUCT_NAME = "$(TARGET_NAME)";
				SDKROOT = auto;
				SUPPORTED_PLATFORMS = "iphoneos iphonesimulator macosx";
				SWIFT_EMIT_LOC_STRINGS = YES;
				SWIFT_VERSION = 5.0;
				TARGETED_DEVICE_FAMILY = "1,2";
			};
			name = Debug;
		};
		528392582B86D7E10008FE64 /* Release */ = {
			isa = XCBuildConfiguration;
			buildSettings = {
				ASSETCATALOG_COMPILER_APPICON_NAME = AppIcon;
				ASSETCATALOG_COMPILER_GLOBAL_ACCENT_COLOR_NAME = AccentColor;
				CODE_SIGN_ENTITLEMENTS = plantdoc/plantdoc.entitlements;
				CODE_SIGN_STYLE = Automatic;
				CURRENT_PROJECT_VERSION = 1;
				DEVELOPMENT_ASSET_PATHS = "\"plantdoc/Preview Content\"";
				DEVELOPMENT_TEAM = 9Q839936SM;
				ENABLE_HARDENED_RUNTIME = YES;
				ENABLE_PREVIEWS = YES;
				GENERATE_INFOPLIST_FILE = YES;
				"INFOPLIST_KEY_UIApplicationSceneManifest_Generation[sdk=iphoneos*]" = YES;
				"INFOPLIST_KEY_UIApplicationSceneManifest_Generation[sdk=iphonesimulator*]" = YES;
				"INFOPLIST_KEY_UIApplicationSupportsIndirectInputEvents[sdk=iphoneos*]" = YES;
				"INFOPLIST_KEY_UIApplicationSupportsIndirectInputEvents[sdk=iphonesimulator*]" = YES;
				"INFOPLIST_KEY_UILaunchScreen_Generation[sdk=iphoneos*]" = YES;
				"INFOPLIST_KEY_UILaunchScreen_Generation[sdk=iphonesimulator*]" = YES;
				"INFOPLIST_KEY_UIStatusBarStyle[sdk=iphoneos*]" = UIStatusBarStyleDefault;
				"INFOPLIST_KEY_UIStatusBarStyle[sdk=iphonesimulator*]" = UIStatusBarStyleDefault;
				INFOPLIST_KEY_UISupportedInterfaceOrientations_iPad = "UIInterfaceOrientationPortrait UIInterfaceOrientationPortraitUpsideDown UIInterfaceOrientationLandscapeLeft UIInterfaceOrientationLandscapeRight";
				INFOPLIST_KEY_UISupportedInterfaceOrientations_iPhone = "UIInterfaceOrientationPortrait UIInterfaceOrientationLandscapeLeft UIInterfaceOrientationLandscapeRight";
				IPHONEOS_DEPLOYMENT_TARGET = 16.2;
				LD_RUNPATH_SEARCH_PATHS = "@executable_path/Frameworks";
				"LD_RUNPATH_SEARCH_PATHS[sdk=macosx*]" = "@executable_path/../Frameworks";
				MACOSX_DEPLOYMENT_TARGET = 12.7;
				MARKETING_VERSION = 1.0;
				PRODUCT_BUNDLE_IDENTIFIER = bangkit.plantdoc;
				PRODUCT_NAME = "$(TARGET_NAME)";
				SDKROOT = auto;
				SUPPORTED_PLATFORMS = "iphoneos iphonesimulator macosx";
				SWIFT_EMIT_LOC_STRINGS = YES;
				SWIFT_VERSION = 5.0;
				TARGETED_DEVICE_FAMILY = "1,2";
			};
			name = Release;
		};
		5283925A2B86D7E10008FE64 /* Debug */ = {
			isa = XCBuildConfiguration;
			buildSettings = {
				ALWAYS_EMBED_SWIFT_STANDARD_LIBRARIES = YES;
				BUNDLE_LOADER = "$(TEST_HOST)";
				CODE_SIGN_STYLE = Automatic;
				CURRENT_PROJECT_VERSION = 1;
				DEVELOPMENT_TEAM = 9Q839936SM;
				GENERATE_INFOPLIST_FILE = YES;
				IPHONEOS_DEPLOYMENT_TARGET = 16.2;
				MACOSX_DEPLOYMENT_TARGET = 12.7;
				MARKETING_VERSION = 1.0;
				PRODUCT_BUNDLE_IDENTIFIER = bangkit.plantdocTests;
				PRODUCT_NAME = "$(TARGET_NAME)";
				SDKROOT = auto;
				SUPPORTED_PLATFORMS = "iphoneos iphonesimulator macosx";
				SWIFT_EMIT_LOC_STRINGS = NO;
				SWIFT_VERSION = 5.0;
				TARGETED_DEVICE_FAMILY = "1,2";
				TEST_HOST = "$(BUILT_PRODUCTS_DIR)/plantdoc.app/$(BUNDLE_EXECUTABLE_FOLDER_PATH)/plantdoc";
			};
			name = Debug;
		};
		5283925B2B86D7E10008FE64 /* Release */ = {
			isa = XCBuildConfiguration;
			buildSettings = {
				ALWAYS_EMBED_SWIFT_STANDARD_LIBRARIES = YES;
				BUNDLE_LOADER = "$(TEST_HOST)";
				CODE_SIGN_STYLE = Automatic;
				CURRENT_PROJECT_VERSION = 1;
				DEVELOPMENT_TEAM = 9Q839936SM;
				GENERATE_INFOPLIST_FILE = YES;
				IPHONEOS_DEPLOYMENT_TARGET = 16.2;
				MACOSX_DEPLOYMENT_TARGET = 12.7;
				MARKETING_VERSION = 1.0;
				PRODUCT_BUNDLE_IDENTIFIER = bangkit.plantdocTests;
				PRODUCT_NAME = "$(TARGET_NAME)";
				SDKROOT = auto;
				SUPPORTED_PLATFORMS = "iphoneos iphonesimulator macosx";
				SWIFT_EMIT_LOC_STRINGS = NO;
				SWIFT_VERSION = 5.0;
				TARGETED_DEVICE_FAMILY = "1,2";
				TEST_HOST = "$(BUILT_PRODUCTS_DIR)/plantdoc.app/$(BUNDLE_EXECUTABLE_FOLDER_PATH)/plantdoc";
			};
			name = Release;
		};
		5283925D2B86D7E10008FE64 /* Debug */ = {
			isa = XCBuildConfiguration;
			buildSettings = {
				ALWAYS_EMBED_SWIFT_STANDARD_LIBRARIES = YES;
				CODE_SIGN_STYLE = Automatic;
				CURRENT_PROJECT_VERSION = 1;
				DEVELOPMENT_TEAM = 9Q839936SM;
				GENERATE_INFOPLIST_FILE = YES;
				IPHONEOS_DEPLOYMENT_TARGET = 16.2;
				MACOSX_DEPLOYMENT_TARGET = 12.7;
				MARKETING_VERSION = 1.0;
				PRODUCT_BUNDLE_IDENTIFIER = bangkit.plantdocUITests;
				PRODUCT_NAME = "$(TARGET_NAME)";
				SDKROOT = auto;
				SUPPORTED_PLATFORMS = "iphoneos iphonesimulator macosx";
				SWIFT_EMIT_LOC_STRINGS = NO;
				SWIFT_VERSION = 5.0;
				TARGETED_DEVICE_FAMILY = "1,2";
				TEST_TARGET_NAME = plantdoc;
			};
			name = Debug;
		};
		5283925E2B86D7E10008FE64 /* Release */ = {
			isa = XCBuildConfiguration;
			buildSettings = {
				ALWAYS_EMBED_SWIFT_STANDARD_LIBRARIES = YES;
				CODE_SIGN_STYLE = Automatic;
				CURRENT_PROJECT_VERSION = 1;
				DEVELOPMENT_TEAM = 9Q839936SM;
				GENERATE_INFOPLIST_FILE = YES;
				IPHONEOS_DEPLOYMENT_TARGET = 16.2;
				MACOSX_DEPLOYMENT_TARGET = 12.7;
				MARKETING_VERSION = 1.0;
				PRODUCT_BUNDLE_IDENTIFIER = bangkit.plantdocUITests;
				PRODUCT_NAME = "$(TARGET_NAME)";
				SDKROOT = auto;
				SUPPORTED_PLATFORMS = "iphoneos iphonesimulator macosx";
				SWIFT_EMIT_LOC_STRINGS = NO;
				SWIFT_VERSION = 5.0;
				TARGETED_DEVICE_FAMILY = "1,2";
				TEST_TARGET_NAME = plantdoc;
			};
			name = Release;
		};
/* End XCBuildConfiguration section */

/* Begin XCConfigurationList section */
		5283922C2B86D7DE0008FE64 /* Build configuration list for PBXProject "plantdoc" */ = {
			isa = XCConfigurationList;
			buildConfigurations = (
				528392542B86D7E10008FE64 /* Debug */,
				528392552B86D7E10008FE64 /* Release */,
			);
			defaultConfigurationIsVisible = 0;
			defaultConfigurationName = Release;
		};
		528392562B86D7E10008FE64 /* Build configuration list for PBXNativeTarget "plantdoc" */ = {
			isa = XCConfigurationList;
			buildConfigurations = (
				528392572B86D7E10008FE64 /* Debug */,
				528392582B86D7E10008FE64 /* Release */,
			);
			defaultConfigurationIsVisible = 0;
			defaultConfigurationName = Release;
		};
		528392592B86D7E10008FE64 /* Build configuration list for PBXNativeTarget "plantdocTests" */ = {
			isa = XCConfigurationList;
			buildConfigurations = (
				5283925A2B86D7E10008FE64 /* Debug */,
				5283925B2B86D7E10008FE64 /* Release */,
			);
			defaultConfigurationIsVisible = 0;
			defaultConfigurationName = Release;
		};
		5283925C2B86D7E10008FE64 /* Build configuration list for PBXNativeTarget "plantdocUITests" */ = {
			isa = XCConfigurationList;
			buildConfigurations = (
				5283925D2B86D7E10008FE64 /* Debug */,
				5283925E2B86D7E10008FE64 /* Release */,
			);
			defaultConfigurationIsVisible = 0;
			defaultConfigurationName = Release;
		};
/* End XCConfigurationList section */
	};
	rootObject = 528392292B86D7DE0008FE64 /* Project object */;
}
